
Microsoft Visual Studio Solution File, Format Version 12.00
# Visual Studio Version 17
VisualStudioVersion = 17.8.34330.188
MinimumVisualStudioVersion = 10.0.40219.1
Project("{9A19103F-16F7-4668-BE54-9A1E7A4F7556}") = "wiki", "wiki.csproj", "{622605E8-7881-4428-8AF9-9F75C7E7D539}"
EndProject
Global
	GlobalSection(SolutionConfigurationPlatforms) = preSolution
		Debug|Any CPU = Debug|Any CPU
		Release|Any CPU = Release|Any CPU
	EndGlobalSection
	GlobalSection(ProjectConfigurationPlatforms) = postSolution
		{622605E8-7881-4428-8AF9-9F75C7E7D539}.Debug|Any CPU.ActiveCfg = Debug|Any CPU
		{622605E8-7881-4428-8AF9-9F75C7E7D539}.Debug|Any CPU.Build.0 = Debug|Any CPU
		{622605E8-7881-4428-8AF9-9F75C7E7D539}.Release|Any CPU.ActiveCfg = Release|Any CPU
		{622605E8-7881-4428-8AF9-9F75C7E7D539}.Release|Any CPU.Build.0 = Release|Any CPU
	EndGlobalSection
	GlobalSection(SolutionProperties) = preSolution
		HideSolutionNode = FALSE
	EndGlobalSection
	GlobalSection(ExtensibilityGlobals) = postSolution
		SolutionGuid = {938C53BB-4D4A-49C5-914F-E16E8D5DA6DA}
	EndGlobalSection
EndGlobal
